
Microsoft Visual Studio Solution File, Format Version 11.00
# Visual Studio 2010
# SharpDevelop 4.3
Project("{FAE04EC0-301F-11D3-BF4B-00C04F79EFBC}") = "mfp1", "mfp1\mfp1.csproj", "{29842495-12A0-4AD8-BDC5-DBF165A423E6}"
EndProject
Global
	GlobalSection(SolutionConfigurationPlatforms) = preSolution
		Debug|Any CPU = Debug|Any CPU
		Release|Any CPU = Release|Any CPU
	EndGlobalSection
	GlobalSection(ProjectConfigurationPlatforms) = postSolution
		{29842495-12A0-4AD8-BDC5-DBF165A423E6}.Debug|Any CPU.Build.0 = Debug|Any CPU
		{29842495-12A0-4AD8-BDC5-DBF165A423E6}.Debug|Any CPU.ActiveCfg = Debug|Any CPU
		{29842495-12A0-4AD8-BDC5-DBF165A423E6}.Release|Any CPU.Build.0 = Release|Any CPU
		{29842495-12A0-4AD8-BDC5-DBF165A423E6}.Release|Any CPU.ActiveCfg = Release|Any CPU
	EndGlobalSection
EndGlobal
